{
  "nodes": {
    "advisory-db": {
      "flake": false,
      "locked": {
        "lastModified": 1769147429,
        "narHash": "sha256-EI04vtsDqLdSFVGGmYht0wh1QDoFRvKeOh7CUm/a2cY=",
        "owner": "rustsec",
        "repo": "advisory-db",
        "rev": "2a699493588fe2e3c0f6bdac7e14a5cc3701b8a8",
        "type": "github"
      },
      "original": {
        "owner": "rustsec",
        "repo": "advisory-db",
        "type": "github"
      }
    },
    "crane": {
      "locked": {
        "lastModified": 1769287525,
        "narHash": "sha256-gABuYA6BzoRMLuPaeO5p7SLrpd4qExgkwEmYaYQY4bM=",
        "owner": "ipetkov",
        "repo": "crane",
        "rev": "0314e365877a85c9e5758f9ea77a9972afbb4c21",
        "type": "github"
      },
      "original": {
        "owner": "ipetkov",
        "repo": "crane",
        "type": "github"
      }
    },
    "crm-chat-web-app": {
      "inputs": {
        "flake-utils": [
          "flake-utils"
        ],
        "nixpkgs": [
          "nixpkgs"
        ]
      },
      "locked": {
        "path": "./bins/crm-chat-web",
        "type": "path"
      },
      "original": {
        "path": "./bins/crm-chat-web",
        "type": "path"
      },
      "parent": []
    },
    "fenix": {
      "inputs": {
        "nixpkgs": [
          "nixpkgs"
        ],
        "rust-analyzer-src": "rust-analyzer-src"
      },
      "locked": {
        "lastModified": 1769237067,
        "narHash": "sha256-o2UfbFRcL/UClXaDI8NR3WAulOoda55rdw0oVXAst0A=",
        "owner": "nix-community",
        "repo": "fenix",
        "rev": "93523fa073f781d3d02d326cdbb85f8709b00c40",
        "type": "github"
      },
      "original": {
        "owner": "nix-community",
        "repo": "fenix",
        "type": "github"
      }
    },
    "flake-utils": {
      "inputs": {
        "systems": "systems"
      },
      "locked": {
        "lastModified": 1731533236,
        "narHash": "sha256-l0KFg5HjrsfsO/JpG+r7fRrqm12kzFHyUHqHCVpMMbI=",
        "owner": "numtide",
        "repo": "flake-utils",
        "rev": "11707dc2f618dd54ca8739b309ec4fc024de578b",
        "type": "github"
      },
      "original": {
        "owner": "numtide",
        "repo": "flake-utils",
        "type": "github"
      }
    },
    "nixpkgs": {
      "locked": {
        "lastModified": 1769237874,
        "narHash": "sha256-saOixpqPT4fiE/M8EfHv9I98f3sSEvt6nhMJ/z0a7xI=",
        "owner": "NixOS",
        "repo": "nixpkgs",
        "rev": "523257564973361cc3e55e3df3e77e68c20b0b80",
        "type": "github"
      },
      "original": {
        "owner": "NixOS",
        "ref": "nixpkgs-unstable",
        "repo": "nixpkgs",
        "type": "github"
      }
    },
    "root": {
      "inputs": {
        "advisory-db": "advisory-db",
        "crane": "crane",
        "crm-chat-web-app": "crm-chat-web-app",
        "fenix": "fenix",
        "flake-utils": "flake-utils",
        "nixpkgs": "nixpkgs"
      }
    },
    "rust-analyzer-src": {
      "flake": false,
      "locked": {
        "lastModified": 1769166439,
        "narHash": "sha256-HjSoNRYe8tPdzfhJ0IBQrrJATOrtVKOHvk8OoTew1Do=",
        "owner": "rust-lang",
        "repo": "rust-analyzer",
        "rev": "39018acf3477a26f4e6d2ead6a48954d623adcaa",
        "type": "github"
      },
      "original": {
        "owner": "rust-lang",
        "ref": "nightly",
        "repo": "rust-analyzer",
        "type": "github"
      }
    },
    "systems": {
      "locked": {
        "lastModified": 1681028828,
        "narHash": "sha256-Vy1rq5AaRuLzOxct8nz4T6wlgyUR7zLU309k9mBC768=",
        "owner": "nix-systems",
        "repo": "default",
        "rev": "da67096a3b9bf56a91d16901293e51ba5b49a27e",
        "type": "github"
      },
      "original": {
        "owner": "nix-systems",
        "repo": "default",
        "type": "github"
      }
    }
  },
  "root": "root",
  "version": 7
}
